// !$*UTF8*$!
{
	archiveVersion = 1;
	classes = {
	};
	objectVersion = 46;
	objects = {

/* Begin PBXBuildFile section */
		309CFAF91F5C23130093EC1D /* AppDelegate.swift in Sources */ = {isa = PBXBuildFile; fileRef = 309CFAF81F5C23130093EC1D /* AppDelegate.swift */; };
		309CFAFB1F5C23130093EC1D /* SignInVC.swift in Sources */ = {isa = PBXBuildFile; fileRef = 309CFAFA1F5C23130093EC1D /* SignInVC.swift */; };
		309CFAFE1F5C23130093EC1D /* Main.storyboard in Resources */ = {isa = PBXBuildFile; fileRef = 309CFAFC1F5C23130093EC1D /* Main.storyboard */; };
		309CFB001F5C23130093EC1D /* Assets.xcassets in Resources */ = {isa = PBXBuildFile; fileRef = 309CFAFF1F5C23130093EC1D /* Assets.xcassets */; };
		309CFB031F5C23130093EC1D /* LaunchScreen.storyboard in Resources */ = {isa = PBXBuildFile; fileRef = 309CFB011F5C23130093EC1D /* LaunchScreen.storyboard */; };
		309CFB0B1F5C24BA0093EC1D /* GoogleService-Info.plist in Resources */ = {isa = PBXBuildFile; fileRef = 309CFB0A1F5C24BA0093EC1D /* GoogleService-Info.plist */; };
		309CFB101F5C4C910093EC1D /* FancyView.swift in Sources */ = {isa = PBXBuildFile; fileRef = 309CFB0F1F5C4C910093EC1D /* FancyView.swift */; };
		309CFB131F5C4D7B0093EC1D /* Constants.swift in Sources */ = {isa = PBXBuildFile; fileRef = 309CFB121F5C4D7B0093EC1D /* Constants.swift */; };
		309CFB151F5C4FB70093EC1D /* RoundBtn.swift in Sources */ = {isa = PBXBuildFile; fileRef = 309CFB141F5C4FB70093EC1D /* RoundBtn.swift */; };
		309CFB171F5C51DB0093EC1D /* FancyField.swift in Sources */ = {isa = PBXBuildFile; fileRef = 309CFB161F5C51DB0093EC1D /* FancyField.swift */; };
		309CFB191F5C53680093EC1D /* FancyBtn.swift in Sources */ = {isa = PBXBuildFile; fileRef = 309CFB181F5C53680093EC1D /* FancyBtn.swift */; };
		8E1ADE83B6528D3D2985C551 /* Pods_kea_social.framework in Frameworks */ = {isa = PBXBuildFile; fileRef = A2FE172E9D6894FD9CF86967 /* Pods_kea_social.framework */; };
/* End PBXBuildFile section */

/* Begin PBXFileReference section */
		309CFAF51F5C23130093EC1D /* kea-social.app */ = {isa = PBXFileReference; explicitFileType = wrapper.application; includeInIndex = 0; path = "kea-social.app"; sourceTree = BUILT_PRODUCTS_DIR; };
		309CFAF81F5C23130093EC1D /* AppDelegate.swift */ = {isa = PBXFileReference; lastKnownFileType = sourcecode.swift; path = AppDelegate.swift; sourceTree = "<group>"; };
		309CFAFA1F5C23130093EC1D /* SignInVC.swift */ = {isa = PBXFileReference; lastKnownFileType = sourcecode.swift; path = SignInVC.swift; sourceTree = "<group>"; };
		309CFAFD1F5C23130093EC1D /* Base */ = {isa = PBXFileReference; lastKnownFileType = file.storyboard; name = Base; path = Base.lproj/Main.storyboard; sourceTree = "<group>"; };
		309CFAFF1F5C23130093EC1D /* Assets.xcassets */ = {isa = PBXFileReference; lastKnownFileType = folder.assetcatalog; path = Assets.xcassets; sourceTree = "<group>"; };
		309CFB021F5C23130093EC1D /* Base */ = {isa = PBXFileReference; lastKnownFileType = file.storyboard; name = Base; path = Base.lproj/LaunchScreen.storyboard; sourceTree = "<group>"; };
		309CFB041F5C23130093EC1D /* Info.plist */ = {isa = PBXFileReference; lastKnownFileType = text.plist.xml; path = Info.plist; sourceTree = "<group>"; };
		309CFB0A1F5C24BA0093EC1D /* GoogleService-Info.plist */ = {isa = PBXFileReference; fileEncoding = 4; lastKnownFileType = text.plist.xml; path = "GoogleService-Info.plist"; sourceTree = "<group>"; };
		309CFB0F1F5C4C910093EC1D /* FancyView.swift */ = {isa = PBXFileReference; fileEncoding = 4; lastKnownFileType = sourcecode.swift; path = FancyView.swift; sourceTree = "<group>"; };
		309CFB121F5C4D7B0093EC1D /* Constants.swift */ = {isa = PBXFileReference; fileEncoding = 4; lastKnownFileType = sourcecode.swift; path = Constants.swift; sourceTree = "<group>"; };
		309CFB141F5C4FB70093EC1D /* RoundBtn.swift */ = {isa = PBXFileReference; fileEncoding = 4; lastKnownFileType = sourcecode.swift; path = RoundBtn.swift; sourceTree = "<group>"; };
		309CFB161F5C51DB0093EC1D /* FancyField.swift */ = {isa = PBXFileReference; fileEncoding = 4; lastKnownFileType = sourcecode.swift; path = FancyField.swift; sourceTree = "<group>"; };
		309CFB181F5C53680093EC1D /* FancyBtn.swift */ = {isa = PBXFileReference; fileEncoding = 4; lastKnownFileType = sourcecode.swift; path = FancyBtn.swift; sourceTree = "<group>"; };
		93E8A95233B311433C48973F /* Pods-kea-social.release.xcconfig */ = {isa = PBXFileReference; includeInIndex = 1; lastKnownFileType = text.xcconfig; name = "Pods-kea-social.release.xcconfig"; path = "Pods/Target Support Files/Pods-kea-social/Pods-kea-social.release.xcconfig"; sourceTree = "<group>"; };
		A2FE172E9D6894FD9CF86967 /* Pods_kea_social.framework */ = {isa = PBXFileReference; explicitFileType = wrapper.framework; includeInIndex = 0; path = Pods_kea_social.framework; sourceTree = BUILT_PRODUCTS_DIR; };
		BA2ECA4DAEF59841F5DD38A3 /* Pods-kea-social.debug.xcconfig */ = {isa = PBXFileReference; includeInIndex = 1; lastKnownFileType = text.xcconfig; name = "Pods-kea-social.debug.xcconfig"; path = "Pods/Target Support Files/Pods-kea-social/Pods-kea-social.debug.xcconfig"; sourceTree = "<group>"; };
/* End PBXFileReference section */

/* Begin PBXFrameworksBuildPhase section */
		309CFAF21F5C23130093EC1D /* Frameworks */ = {
			isa = PBXFrameworksBuildPhase;
			buildActionMask = 2147483647;
			files = (
				8E1ADE83B6528D3D2985C551 /* Pods_kea_social.framework in Frameworks */,
			);
			runOnlyForDeploymentPostprocessing = 0;
		};
/* End PBXFrameworksBuildPhase section */

/* Begin PBXGroup section */
		0EC39B95A3D2039DF69D3149 /* Pods */ = {
			isa = PBXGroup;
			children = (
				BA2ECA4DAEF59841F5DD38A3 /* Pods-kea-social.debug.xcconfig */,
				93E8A95233B311433C48973F /* Pods-kea-social.release.xcconfig */,
			);
			name = Pods;
			sourceTree = "<group>";
		};
		309CFAEC1F5C23130093EC1D = {
			isa = PBXGroup;
			children = (
				309CFAF71F5C23130093EC1D /* kea-social */,
				309CFAF61F5C23130093EC1D /* Products */,
				0EC39B95A3D2039DF69D3149 /* Pods */,
				B897857A0DB0CA2F79F4813B /* Frameworks */,
			);
			sourceTree = "<group>";
		};
		309CFAF61F5C23130093EC1D /* Products */ = {
			isa = PBXGroup;
			children = (
				309CFAF51F5C23130093EC1D /* kea-social.app */,
			);
			name = Products;
			sourceTree = "<group>";
		};
		309CFAF71F5C23130093EC1D /* kea-social */ = {
			isa = PBXGroup;
			children = (
				309CFB111F5C4D530093EC1D /* Util */,
				309CFB0E1F5C2A850093EC1D /* Controller */,
				309CFB0D1F5C2A730093EC1D /* View */,
				309CFB0C1F5C2A6C0093EC1D /* Model */,
				309CFAF81F5C23130093EC1D /* AppDelegate.swift */,
				309CFAFC1F5C23130093EC1D /* Main.storyboard */,
				309CFAFF1F5C23130093EC1D /* Assets.xcassets */,
				309CFB011F5C23130093EC1D /* LaunchScreen.storyboard */,
				309CFB041F5C23130093EC1D /* Info.plist */,
				309CFB0A1F5C24BA0093EC1D /* GoogleService-Info.plist */,
			);
			path = "kea-social";
			sourceTree = "<group>";
		};
		309CFB0C1F5C2A6C0093EC1D /* Model */ = {
			isa = PBXGroup;
			children = (
			);
			name = Model;
			sourceTree = "<group>";
		};
		309CFB0D1F5C2A730093EC1D /* View */ = {
			isa = PBXGroup;
			children = (
				309CFB0F1F5C4C910093EC1D /* FancyView.swift */,
				309CFB141F5C4FB70093EC1D /* RoundBtn.swift */,
				309CFB161F5C51DB0093EC1D /* FancyField.swift */,
				309CFB181F5C53680093EC1D /* FancyBtn.swift */,
			);
			name = View;
			sourceTree = "<group>";
		};
		309CFB0E1F5C2A850093EC1D /* Controller */ = {
			isa = PBXGroup;
			children = (
				309CFAFA1F5C23130093EC1D /* SignInVC.swift */,
			);
			name = Controller;
			sourceTree = "<group>";
		};
		309CFB111F5C4D530093EC1D /* Util */ = {
			isa = PBXGroup;
			children = (
				309CFB121F5C4D7B0093EC1D /* Constants.swift */,
			);
			name = Util;
			sourceTree = "<group>";
		};
		B897857A0DB0CA2F79F4813B /* Frameworks */ = {
			isa = PBXGroup;
			children = (
				A2FE172E9D6894FD9CF86967 /* Pods_kea_social.framework */,
			);
			name = Frameworks;
			sourceTree = "<group>";
		};
/* End PBXGroup section */

/* Begin PBXNativeTarget section */
		309CFAF41F5C23130093EC1D /* kea-social */ = {
			isa = PBXNativeTarget;
			buildConfigurationList = 309CFB071F5C23130093EC1D /* Build configuration list for PBXNativeTarget "kea-social" */;
			buildPhases = (
				E242380B3CB2FA5AEE0F5607 /* [CP] Check Pods Manifest.lock */,
				309CFAF11F5C23130093EC1D /* Sources */,
				309CFAF21F5C23130093EC1D /* Frameworks */,
				309CFAF31F5C23130093EC1D /* Resources */,
				7BF67780B084E658D56078FF /* [CP] Embed Pods Frameworks */,
				BB7EA6B745DEB37E59226DDF /* [CP] Copy Pods Resources */,
			);
			buildRules = (
			);
			dependencies = (
			);
			name = "kea-social";
			productName = "kea-social";
			productReference = 309CFAF51F5C23130093EC1D /* kea-social.app */;
			productType = "com.apple.product-type.application";
		};
/* End PBXNativeTarget section */

/* Begin PBXProject section */
		309CFAED1F5C23130093EC1D /* Project object */ = {
			isa = PBXProject;
			attributes = {
				LastSwiftUpdateCheck = 0830;
				LastUpgradeCheck = 0830;
				ORGANIZATIONNAME = "Danny Olsen";
				TargetAttributes = {
					309CFAF41F5C23130093EC1D = {
						CreatedOnToolsVersion = 8.3.3;
						ProvisioningStyle = Automatic;
					};
				};
			};
			buildConfigurationList = 309CFAF01F5C23130093EC1D /* Build configuration list for PBXProject "kea-social" */;
			compatibilityVersion = "Xcode 3.2";
			developmentRegion = English;
			hasScannedForEncodings = 0;
			knownRegions = (
				en,
				Base,
			);
			mainGroup = 309CFAEC1F5C23130093EC1D;
			productRefGroup = 309CFAF61F5C23130093EC1D /* Products */;
			projectDirPath = "";
			projectRoot = "";
			targets = (
				309CFAF41F5C23130093EC1D /* kea-social */,
			);
		};
/* End PBXProject section */

/* Begin PBXResourcesBuildPhase section */
		309CFAF31F5C23130093EC1D /* Resources */ = {
			isa = PBXResourcesBuildPhase;
			buildActionMask = 2147483647;
			files = (
				309CFB031F5C23130093EC1D /* LaunchScreen.storyboard in Resources */,
				309CFB001F5C23130093EC1D /* Assets.xcassets in Resources */,
				309CFB0B1F5C24BA0093EC1D /* GoogleService-Info.plist in Resources */,
				309CFAFE1F5C23130093EC1D /* Main.storyboard in Resources */,
			);
			runOnlyForDeploymentPostprocessing = 0;
		};
/* End PBXResourcesBuildPhase section */

/* Begin PBXShellScriptBuildPhase section */
		7BF67780B084E658D56078FF /* [CP] Embed Pods Frameworks */ = {
			isa = PBXShellScriptBuildPhase;
			buildActionMask = 2147483647;
			files = (
			);
			inputPaths = (
			);
			name = "[CP] Embed Pods Frameworks";
			outputPaths = (
			);
			runOnlyForDeploymentPostprocessing = 0;
			shellPath = /bin/sh;
			shellScript = "\"${SRCROOT}/Pods/Target Support Files/Pods-kea-social/Pods-kea-social-frameworks.sh\"\n";
			showEnvVarsInLog = 0;
		};
		BB7EA6B745DEB37E59226DDF /* [CP] Copy Pods Resources */ = {
			isa = PBXShellScriptBuildPhase;
			buildActionMask = 2147483647;
			files = (
			);
			inputPaths = (
			);
			name = "[CP] Copy Pods Resources";
			outputPaths = (
			);
			runOnlyForDeploymentPostprocessing = 0;
			shellPath = /bin/sh;
			shellScript = "\"${SRCROOT}/Pods/Target Support Files/Pods-kea-social/Pods-kea-social-resources.sh\"\n";
			showEnvVarsInLog = 0;
		};
		E242380B3CB2FA5AEE0F5607 /* [CP] Check Pods Manifest.lock */ = {
			isa = PBXShellScriptBuildPhase;
			buildActionMask = 2147483647;
			files = (
			);
			inputPaths = (
			);
			name = "[CP] Check Pods Manifest.lock";
			outputPaths = (
			);
			runOnlyForDeploymentPostprocessing = 0;
			shellPath = /bin/sh;
			shellScript = "diff \"${PODS_PODFILE_DIR_PATH}/Podfile.lock\" \"${PODS_ROOT}/Manifest.lock\" > /dev/null\nif [ $? != 0 ] ; then\n    # print error to STDERR\n    echo \"error: The sandbox is not in sync with the Podfile.lock. Run 'pod install' or update your CocoaPods installation.\" >&2\n    exit 1\nfi\n";
			showEnvVarsInLog = 0;
		};
/* End PBXShellScriptBuildPhase section */

/* Begin PBXSourcesBuildPhase section */
		309CFAF11F5C23130093EC1D /* Sources */ = {
			isa = PBXSourcesBuildPhase;
			buildActionMask = 2147483647;
			files = (
				309CFB171F5C51DB0093EC1D /* FancyField.swift in Sources */,
				309CFAFB1F5C23130093EC1D /* SignInVC.swift in Sources */,
				309CFB151F5C4FB70093EC1D /* RoundBtn.swift in Sources */,
				309CFAF91F5C23130093EC1D /* AppDelegate.swift in Sources */,
				309CFB101F5C4C910093EC1D /* FancyView.swift in Sources */,
				309CFB131F5C4D7B0093EC1D /* Constants.swift in Sources */,
				309CFB191F5C53680093EC1D /* FancyBtn.swift in Sources */,
			);
			runOnlyForDeploymentPostprocessing = 0;
		};
/* End PBXSourcesBuildPhase section */

/* Begin PBXVariantGroup section */
		309CFAFC1F5C23130093EC1D /* Main.storyboard */ = {
			isa = PBXVariantGroup;
			children = (
				309CFAFD1F5C23130093EC1D /* Base */,
			);
			name = Main.storyboard;
			sourceTree = "<group>";
		};
		309CFB011F5C23130093EC1D /* LaunchScreen.storyboard */ = {
			isa = PBXVariantGroup;
			children = (
				309CFB021F5C23130093EC1D /* Base */,
			);
			name = LaunchScreen.storyboard;
			sourceTree = "<group>";
		};
/* End PBXVariantGroup section */

/* Begin XCBuildConfiguration section */
		309CFB051F5C23130093EC1D /* Debug */ = {
			isa = XCBuildConfiguration;
			buildSettings = {
				ALWAYS_SEARCH_USER_PATHS = NO;
				CLANG_ANALYZER_NONNULL = YES;
				CLANG_ANALYZER_NUMBER_OBJECT_CONVERSION = YES_AGGRESSIVE;
				CLANG_CXX_LANGUAGE_STANDARD = "gnu++0x";
				CLANG_CXX_LIBRARY = "libc++";
				CLANG_ENABLE_MODULES = YES;
				CLANG_ENABLE_OBJC_ARC = YES;
				CLANG_WARN_BOOL_CONVERSION = YES;
				CLANG_WARN_CONSTANT_CONVERSION = YES;
				CLANG_WARN_DIRECT_OBJC_ISA_USAGE = YES_ERROR;
				CLANG_WARN_DOCUMENTATION_COMMENTS = YES;
				CLANG_WARN_EMPTY_BODY = YES;
				CLANG_WARN_ENUM_CONVERSION = YES;
				CLANG_WARN_INFINITE_RECURSION = YES;
				CLANG_WARN_INT_CONVERSION = YES;
				CLANG_WARN_OBJC_ROOT_CLASS = YES_ERROR;
				CLANG_WARN_SUSPICIOUS_MOVE = YES;
				CLANG_WARN_UNREACHABLE_CODE = YES;
				CLANG_WARN__DUPLICATE_METHOD_MATCH = YES;
				"CODE_SIGN_IDENTITY[sdk=iphoneos*]" = "iPhone Developer";
				COPY_PHASE_STRIP = NO;
				DEBUG_INFORMATION_FORMAT = dwarf;
				ENABLE_STRICT_OBJC_MSGSEND = YES;
				ENABLE_TESTABILITY = YES;
				GCC_C_LANGUAGE_STANDARD = gnu99;
				GCC_DYNAMIC_NO_PIC = NO;
				GCC_NO_COMMON_BLOCKS = YES;
				GCC_OPTIMIZATION_LEVEL = 0;
				GCC_PREPROCESSOR_DEFINITIONS = (
					"DEBUG=1",
					"$(inherited)",
				);
				GCC_WARN_64_TO_32_BIT_CONVERSION = YES;
				GCC_WARN_ABOUT_RETURN_TYPE = YES_ERROR;
				GCC_WARN_UNDECLARED_SELECTOR = YES;
				GCC_WARN_UNINITIALIZED_AUTOS = YES_AGGRESSIVE;
				GCC_WARN_UNUSED_FUNCTION = YES;
				GCC_WARN_UNUSED_VARIABLE = YES;
				IPHONEOS_DEPLOYMENT_TARGET = 10.3;
				MTL_ENABLE_DEBUG_INFO = YES;
				ONLY_ACTIVE_ARCH = YES;
				SDKROOT = iphoneos;
				SWIFT_ACTIVE_COMPILATION_CONDITIONS = DEBUG;
				SWIFT_OPTIMIZATION_LEVEL = "-Onone";
				TARGETED_DEVICE_FAMILY = "1,2";
			};
			name = Debug;
		};
		309CFB061F5C23130093EC1D /* Release */ = {
			isa = XCBuildConfiguration;
			buildSettings = {
				ALWAYS_SEARCH_USER_PATHS = NO;
				CLANG_ANALYZER_NONNULL = YES;
				CLANG_ANALYZER_NUMBER_OBJECT_CONVERSION = YES_AGGRESSIVE;
				CLANG_CXX_LANGUAGE_STANDARD = "gnu++0x";
				CLANG_CXX_LIBRARY = "libc++";
				CLANG_ENABLE_MODULES = YES;
				CLANG_ENABLE_OBJC_ARC = YES;
				CLANG_WARN_BOOL_CONVERSION = YES;
				CLANG_WARN_CONSTANT_CONVERSION = YES;
				CLANG_WARN_DIRECT_OBJC_ISA_USAGE = YES_ERROR;
				CLANG_WARN_DOCUMENTATION_COMMENTS = YES;
				CLANG_WARN_EMPTY_BODY = YES;
				CLANG_WARN_ENUM_CONVERSION = YES;
				CLANG_WARN_INFINITE_RECURSION = YES;
				CLANG_WARN_INT_CONVERSION = YES;
				CLANG_WARN_OBJC_ROOT_CLASS = YES_ERROR;
				CLANG_WARN_SUSPICIOUS_MOVE = YES;
				CLANG_WARN_UNREACHABLE_CODE = YES;
				CLANG_WARN__DUPLICATE_METHOD_MATCH = YES;
				"CODE_SIGN_IDENTITY[sdk=iphoneos*]" = "iPhone Developer";
				COPY_PHASE_STRIP = NO;
				DEBUG_INFORMATION_FORMAT = "dwarf-with-dsym";
				ENABLE_NS_ASSERTIONS = NO;
				ENABLE_STRICT_OBJC_MSGSEND = YES;
				GCC_C_LANGUAGE_STANDARD = gnu99;
				GCC_NO_COMMON_BLOCKS = YES;
				GCC_WARN_64_TO_32_BIT_CONVERSION = YES;
				GCC_WARN_ABOUT_RETURN_TYPE = YES_ERROR;
				GCC_WARN_UNDECLARED_SELECTOR = YES;
				GCC_WARN_UNINITIALIZED_AUTOS = YES_AGGRESSIVE;
				GCC_WARN_UNUSED_FUNCTION = YES;
				GCC_WARN_UNUSED_VARIABLE = YES;
				IPHONEOS_DEPLOYMENT_TARGET = 10.3;
				MTL_ENABLE_DEBUG_INFO = NO;
				SDKROOT = iphoneos;
				SWIFT_OPTIMIZATION_LEVEL = "-Owholemodule";
				TARGETED_DEVICE_FAMILY = "1,2";
				VALIDATE_PRODUCT = YES;
			};
			name = Release;
		};
		309CFB081F5C23130093EC1D /* Debug */ = {
			isa = XCBuildConfiguration;
			baseConfigurationReference = BA2ECA4DAEF59841F5DD38A3 /* Pods-kea-social.debug.xcconfig */;
			buildSettings = {
				ASSETCATALOG_COMPILER_APPICON_NAME = AppIcon;
				INFOPLIST_FILE = "kea-social/Info.plist";
				LD_RUNPATH_SEARCH_PATHS = "$(inherited) @executable_path/Frameworks";
				PRODUCT_BUNDLE_IDENTIFIER = "KEA.kea-social";
				PRODUCT_NAME = "$(TARGET_NAME)";
				SWIFT_VERSION = 3.0;
			};
			name = Debug;
		};
		309CFB091F5C23130093EC1D /* Release */ = {
			isa = XCBuildConfiguration;
			baseConfigurationReference = 93E8A95233B311433C48973F /* Pods-kea-social.release.xcconfig */;
			buildSettings = {
				ASSETCATALOG_COMPILER_APPICON_NAME = AppIcon;
				INFOPLIST_FILE = "kea-social/Info.plist";
				LD_RUNPATH_SEARCH_PATHS = "$(inherited) @executable_path/Frameworks";
				PRODUCT_BUNDLE_IDENTIFIER = "KEA.kea-social";
				PRODUCT_NAME = "$(TARGET_NAME)";
				SWIFT_VERSION = 3.0;
			};
			name = Release;
		};
/* End XCBuildConfiguration section */

/* Begin XCConfigurationList section */
		309CFAF01F5C23130093EC1D /* Build configuration list for PBXProject "kea-social" */ = {
			isa = XCConfigurationList;
			buildConfigurations = (
				309CFB051F5C23130093EC1D /* Debug */,
				309CFB061F5C23130093EC1D /* Release */,
			);
			defaultConfigurationIsVisible = 0;
			defaultConfigurationName = Release;
		};
		309CFB071F5C23130093EC1D /* Build configuration list for PBXNativeTarget "kea-social" */ = {
			isa = XCConfigurationList;
			buildConfigurations = (
				309CFB081F5C23130093EC1D /* Debug */,
				309CFB091F5C23130093EC1D /* Release */,
			);
			defaultConfigurationIsVisible = 0;
			defaultConfigurationName = Release;
		};
/* End XCConfigurationList section */
	};
	rootObject = 309CFAED1F5C23130093EC1D /* Project object */;
}
